
Microsoft Visual Studio Solution File, Format Version 12.00
# Visual Studio Version 17
VisualStudioVersion = 17.8.34309.116
MinimumVisualStudioVersion = 10.0.40219.1
Project("{FAE04EC0-301F-11D3-BF4B-00C04F79EFBC}") = "Infrastructure", "Infrastructure\Infrastructure.csproj", "{6E10EEF6-ACF2-4868-B8DF-219CF6249F55}"
EndProject
Project("{FAE04EC0-301F-11D3-BF4B-00C04F79EFBC}") = "Presentation.Book.ConsoleApp", "Presentation.Book.ConsoleApp\Presentation.Book.ConsoleApp.csproj", "{929D7050-B707-4722-A072-2700FF34EBBE}"
EndProject
Global
	GlobalSection(SolutionConfigurationPlatforms) = preSolution
		Debug|Any CPU = Debug|Any CPU
		Release|Any CPU = Release|Any CPU
	EndGlobalSection
	GlobalSection(ProjectConfigurationPlatforms) = postSolution
		{6E10EEF6-ACF2-4868-B8DF-219CF6249F55}.Debug|Any CPU.ActiveCfg = Debug|Any CPU
		{6E10EEF6-ACF2-4868-B8DF-219CF6249F55}.Debug|Any CPU.Build.0 = Debug|Any CPU
		{6E10EEF6-ACF2-4868-B8DF-219CF6249F55}.Release|Any CPU.ActiveCfg = Release|Any CPU
		{6E10EEF6-ACF2-4868-B8DF-219CF6249F55}.Release|Any CPU.Build.0 = Release|Any CPU
		{929D7050-B707-4722-A072-2700FF34EBBE}.Debug|Any CPU.ActiveCfg = Debug|Any CPU
		{929D7050-B707-4722-A072-2700FF34EBBE}.Debug|Any CPU.Build.0 = Debug|Any CPU
		{929D7050-B707-4722-A072-2700FF34EBBE}.Release|Any CPU.ActiveCfg = Release|Any CPU
		{929D7050-B707-4722-A072-2700FF34EBBE}.Release|Any CPU.Build.0 = Release|Any CPU
	EndGlobalSection
	GlobalSection(SolutionProperties) = preSolution
		HideSolutionNode = FALSE
	EndGlobalSection
	GlobalSection(ExtensibilityGlobals) = postSolution
		SolutionGuid = {70214EB3-F423-41BC-8A10-0DF68D934299}
	EndGlobalSection
EndGlobal
